# THIS IS AN AUTOGENERATED FILE. DO NOT EDIT THIS FILE DIRECTLY.
# yarn lockfile v1


"@types/node@*":
  version "24.0.3"
  resolved "https://registry.yarnpkg.com/@types/node/-/node-24.0.3.tgz#f935910f3eece3a3a2f8be86b96ba833dc286cab"
  integrity sha512-R4I/kzCYAdRLzfiCabn9hxWfbuHS573x+r0dJMkkzThEa7pbrcDWK+9zu3e7aBOouf+rQAciqPFMnxwr0aWgKg==
  dependencies:
    undici-types "~7.8.0"

"@types/node@^24.0.1":
  version "24.0.1"
  resolved "https://registry.yarnpkg.com/@types/node/-/node-24.0.1.tgz#e9bfcb1c35547437c294403b7bec497772a88b0a"
  integrity sha512-MX4Zioh39chHlDJbKmEgydJDS3tspMP/lnQC67G3SWsTnb9NeYVWOjkxpOSy4oMfPs4StcWHwBrvUb4ybfnuaw==
  dependencies:
    undici-types "~7.8.0"

"@types/stream-chain@*", "@types/stream-chain@^2.1.0":
  version "2.1.0"
  resolved "https://registry.yarnpkg.com/@types/stream-chain/-/stream-chain-2.1.0.tgz#54f1496eb653482c44b5015abe2e6ae0eae594a1"
  integrity sha512-guDyAl6s/CAzXUOWpGK2bHvdiopLIwpGu8v10+lb9hnQOyo4oj/ZUQFOvqFjKGsE3wJP1fpIesCcMvbXuWsqOg==
  dependencies:
    "@types/node" "*"

"@types/stream-json@^1.7.8":
  version "1.7.8"
  resolved "https://registry.yarnpkg.com/@types/stream-json/-/stream-json-1.7.8.tgz#e247ca207f73b679f840d3807ef44e49b12cb77a"
  integrity sha512-MU1OB1eFLcYWd1LjwKXrxdoPtXSRzRmAnnxs4Js/ayB5O/NvHraWwuOaqMWIebpYwM6khFlsJOHEhI9xK/ab4Q==
  dependencies:
    "@types/node" "*"
    "@types/stream-chain" "*"

stream-chain@^2.2.5:
  version "2.2.5"
  resolved "https://registry.yarnpkg.com/stream-chain/-/stream-chain-2.2.5.tgz#b30967e8f14ee033c5b9a19bbe8a2cba90ba0d09"
  integrity sha512-1TJmBx6aSWqZ4tx7aTpBDXK0/e2hhcNSTV8+CbFJtDjbb+I1mZ8lHit0Grw9GRT+6JbIrrDd8esncgBi8aBXGA==

stream-json@^1.9.1:
  version "1.9.1"
  resolved "https://registry.yarnpkg.com/stream-json/-/stream-json-1.9.1.tgz#e3fec03e984a503718946c170db7d74556c2a187"
  integrity sha512-uWkjJ+2Nt/LO9Z/JyKZbMusL8Dkh97uUBTv3AJQ74y07lVahLY4eEFsPsE97pxYBwr8nnjMAIch5eqI0gPShyw==
  dependencies:
    stream-chain "^2.2.5"

tiktoken@^1.0.21:
  version "1.0.21"
  resolved "https://registry.yarnpkg.com/tiktoken/-/tiktoken-1.0.21.tgz#434f4c67ccda114cdfb19a180b93d9be8bc396be"
  integrity sha512-/kqtlepLMptX0OgbYD9aMYbM7EFrMZCL7EoHM8Psmg2FuhXoo/bH64KqOiZGGwa6oS9TPdSEDKBnV2LuB8+5vQ==

typescript@^5.8.3:
  version "5.8.3"
  resolved "https://registry.yarnpkg.com/typescript/-/typescript-5.8.3.tgz#92f8a3e5e3cf497356f4178c34cd65a7f5e8440e"
  integrity sha512-p1diW6TqL9L07nNxvRMM7hMMw4c5XOo/1ibL4aAIGmSAt9slTE1Xgw5KWuof2uTOvCg9BY7ZRi+GaF+7sfgPeQ==

undici-types@~7.8.0:
  version "7.8.0"
  resolved "https://registry.yarnpkg.com/undici-types/-/undici-types-7.8.0.tgz#de00b85b710c54122e44fbfd911f8d70174cd294"
  integrity sha512-9UJ2xGDvQ43tYyVMpuHlsgApydB8ZKfVYTsLDhXkFL/6gfkp+U8xTGdh8pMJv1SpZna0zxG1DwsKZsreLbXBxw==
